// !$*UTF8*$!
{
	archiveVersion = 1;
	classes = {
	};
	objectVersion = 50;
	objects = {

/* Begin PBXBuildFile section */
		066D5638233FE2110025DFE4 /* AppDelegate.swift in Sources */ = {isa = PBXBuildFile; fileRef = 066D5637233FE2110025DFE4 /* AppDelegate.swift */; };
		066D563A233FE2110025DFE4 /* ViewController.swift in Sources */ = {isa = PBXBuildFile; fileRef = 066D5639233FE2110025DFE4 /* ViewController.swift */; };
		066D563D233FE2110025DFE4 /* Main.storyboard in Resources */ = {isa = PBXBuildFile; fileRef = 066D563B233FE2110025DFE4 /* Main.storyboard */; };
		066D563F233FE2120025DFE4 /* Assets.xcassets in Resources */ = {isa = PBXBuildFile; fileRef = 066D563E233FE2120025DFE4 /* Assets.xcassets */; };
		066D5642233FE2120025DFE4 /* LaunchScreen.storyboard in Resources */ = {isa = PBXBuildFile; fileRef = 066D5640233FE2120025DFE4 /* LaunchScreen.storyboard */; };
		066D564D233FE2120025DFE4 /* iOS_TipCalc_AssignmentTests.swift in Sources */ = {isa = PBXBuildFile; fileRef = 066D564C233FE2120025DFE4 /* iOS_TipCalc_AssignmentTests.swift */; };
		066D5658233FE2120025DFE4 /* iOS_TipCalc_AssignmentUITests.swift in Sources */ = {isa = PBXBuildFile; fileRef = 066D5657233FE2120025DFE4 /* iOS_TipCalc_AssignmentUITests.swift */; };
/* End PBXBuildFile section */

/* Begin PBXContainerItemProxy section */
		066D5649233FE2120025DFE4 /* PBXContainerItemProxy */ = {
			isa = PBXContainerItemProxy;
			containerPortal = 066D562C233FE2110025DFE4 /* Project object */;
			proxyType = 1;
			remoteGlobalIDString = 066D5633233FE2110025DFE4;
			remoteInfo = "iOS TipCalc Assignment";
		};
		066D5654233FE2120025DFE4 /* PBXContainerItemProxy */ = {
			isa = PBXContainerItemProxy;
			containerPortal = 066D562C233FE2110025DFE4 /* Project object */;
			proxyType = 1;
			remoteGlobalIDString = 066D5633233FE2110025DFE4;
			remoteInfo = "iOS TipCalc Assignment";
		};
/* End PBXContainerItemProxy section */

/* Begin PBXFileReference section */
		066D5634233FE2110025DFE4 /* iOS TipCalc Assignment.app */ = {isa = PBXFileReference; explicitFileType = wrapper.application; includeInIndex = 0; path = "iOS TipCalc Assignment.app"; sourceTree = BUILT_PRODUCTS_DIR; };
		066D5637233FE2110025DFE4 /* AppDelegate.swift */ = {isa = PBXFileReference; lastKnownFileType = sourcecode.swift; path = AppDelegate.swift; sourceTree = "<group>"; };
		066D5639233FE2110025DFE4 /* ViewController.swift */ = {isa = PBXFileReference; lastKnownFileType = sourcecode.swift; path = ViewController.swift; sourceTree = "<group>"; };
		066D563C233FE2110025DFE4 /* Base */ = {isa = PBXFileReference; lastKnownFileType = file.storyboard; name = Base; path = Base.lproj/Main.storyboard; sourceTree = "<group>"; };
		066D563E233FE2120025DFE4 /* Assets.xcassets */ = {isa = PBXFileReference; lastKnownFileType = folder.assetcatalog; path = Assets.xcassets; sourceTree = "<group>"; };
		066D5641233FE2120025DFE4 /* Base */ = {isa = PBXFileReference; lastKnownFileType = file.storyboard; name = Base; path = Base.lproj/LaunchScreen.storyboard; sourceTree = "<group>"; };
		066D5643233FE2120025DFE4 /* Info.plist */ = {isa = PBXFileReference; lastKnownFileType = text.plist.xml; path = Info.plist; sourceTree = "<group>"; };
		066D5648233FE2120025DFE4 /* iOS TipCalc AssignmentTests.xctest */ = {isa = PBXFileReference; explicitFileType = wrapper.cfbundle; includeInIndex = 0; path = "iOS TipCalc AssignmentTests.xctest"; sourceTree = BUILT_PRODUCTS_DIR; };
		066D564C233FE2120025DFE4 /* iOS_TipCalc_AssignmentTests.swift */ = {isa = PBXFileReference; lastKnownFileType = sourcecode.swift; path = iOS_TipCalc_AssignmentTests.swift; sourceTree = "<group>"; };
		066D564E233FE2120025DFE4 /* Info.plist */ = {isa = PBXFileReference; lastKnownFileType = text.plist.xml; path = Info.plist; sourceTree = "<group>"; };
		066D5653233FE2120025DFE4 /* iOS TipCalc AssignmentUITests.xctest */ = {isa = PBXFileReference; explicitFileType = wrapper.cfbundle; includeInIndex = 0; path = "iOS TipCalc AssignmentUITests.xctest"; sourceTree = BUILT_PRODUCTS_DIR; };
		066D5657233FE2120025DFE4 /* iOS_TipCalc_AssignmentUITests.swift */ = {isa = PBXFileReference; lastKnownFileType = sourcecode.swift; path = iOS_TipCalc_AssignmentUITests.swift; sourceTree = "<group>"; };
		066D5659233FE2120025DFE4 /* Info.plist */ = {isa = PBXFileReference; lastKnownFileType = text.plist.xml; path = Info.plist; sourceTree = "<group>"; };
/* End PBXFileReference section */

/* Begin PBXFrameworksBuildPhase section */
		066D5631233FE2110025DFE4 /* Frameworks */ = {
			isa = PBXFrameworksBuildPhase;
			buildActionMask = 2147483647;
			files = (
			);
			runOnlyForDeploymentPostprocessing = 0;
		};
		066D5645233FE2120025DFE4 /* Frameworks */ = {
			isa = PBXFrameworksBuildPhase;
			buildActionMask = 2147483647;
			files = (
			);
			runOnlyForDeploymentPostprocessing = 0;
		};
		066D5650233FE2120025DFE4 /* Frameworks */ = {
			isa = PBXFrameworksBuildPhase;
			buildActionMask = 2147483647;
			files = (
			);
			runOnlyForDeploymentPostprocessing = 0;
		};
/* End PBXFrameworksBuildPhase section */

/* Begin PBXGroup section */
		066D562B233FE2110025DFE4 = {
			isa = PBXGroup;
			children = (
				066D5636233FE2110025DFE4 /* iOS TipCalc Assignment */,
				066D564B233FE2120025DFE4 /* iOS TipCalc AssignmentTests */,
				066D5656233FE2120025DFE4 /* iOS TipCalc AssignmentUITests */,
				066D5635233FE2110025DFE4 /* Products */,
			);
			sourceTree = "<group>";
		};
		066D5635233FE2110025DFE4 /* Products */ = {
			isa = PBXGroup;
			children = (
				066D5634233FE2110025DFE4 /* iOS TipCalc Assignment.app */,
				066D5648233FE2120025DFE4 /* iOS TipCalc AssignmentTests.xctest */,
				066D5653233FE2120025DFE4 /* iOS TipCalc AssignmentUITests.xctest */,
			);
			name = Products;
			sourceTree = "<group>";
		};
		066D5636233FE2110025DFE4 /* iOS TipCalc Assignment */ = {
			isa = PBXGroup;
			children = (
				066D5637233FE2110025DFE4 /* AppDelegate.swift */,
				066D5639233FE2110025DFE4 /* ViewController.swift */,
				066D563B233FE2110025DFE4 /* Main.storyboard */,
				066D563E233FE2120025DFE4 /* Assets.xcassets */,
				066D5640233FE2120025DFE4 /* LaunchScreen.storyboard */,
				066D5643233FE2120025DFE4 /* Info.plist */,
			);
			path = "iOS TipCalc Assignment";
			sourceTree = "<group>";
		};
		066D564B233FE2120025DFE4 /* iOS TipCalc AssignmentTests */ = {
			isa = PBXGroup;
			children = (
				066D564C233FE2120025DFE4 /* iOS_TipCalc_AssignmentTests.swift */,
				066D564E233FE2120025DFE4 /* Info.plist */,
			);
			path = "iOS TipCalc AssignmentTests";
			sourceTree = "<group>";
		};
		066D5656233FE2120025DFE4 /* iOS TipCalc AssignmentUITests */ = {
			isa = PBXGroup;
			children = (
				066D5657233FE2120025DFE4 /* iOS_TipCalc_AssignmentUITests.swift */,
				066D5659233FE2120025DFE4 /* Info.plist */,
			);
			path = "iOS TipCalc AssignmentUITests";
			sourceTree = "<group>";
		};
/* End PBXGroup section */

/* Begin PBXNativeTarget section */
		066D5633233FE2110025DFE4 /* iOS TipCalc Assignment */ = {
			isa = PBXNativeTarget;
			buildConfigurationList = 066D565C233FE2120025DFE4 /* Build configuration list for PBXNativeTarget "iOS TipCalc Assignment" */;
			buildPhases = (
				066D5630233FE2110025DFE4 /* Sources */,
				066D5631233FE2110025DFE4 /* Frameworks */,
				066D5632233FE2110025DFE4 /* Resources */,
			);
			buildRules = (
			);
			dependencies = (
			);
			name = "iOS TipCalc Assignment";
			productName = "iOS TipCalc Assignment";
			productReference = 066D5634233FE2110025DFE4 /* iOS TipCalc Assignment.app */;
			productType = "com.apple.product-type.application";
		};
		066D5647233FE2120025DFE4 /* iOS TipCalc AssignmentTests */ = {
			isa = PBXNativeTarget;
			buildConfigurationList = 066D565F233FE2120025DFE4 /* Build configuration list for PBXNativeTarget "iOS TipCalc AssignmentTests" */;
			buildPhases = (
				066D5644233FE2120025DFE4 /* Sources */,
				066D5645233FE2120025DFE4 /* Frameworks */,
				066D5646233FE2120025DFE4 /* Resources */,
			);
			buildRules = (
			);
			dependencies = (
				066D564A233FE2120025DFE4 /* PBXTargetDependency */,
			);
			name = "iOS TipCalc AssignmentTests";
			productName = "iOS TipCalc AssignmentTests";
			productReference = 066D5648233FE2120025DFE4 /* iOS TipCalc AssignmentTests.xctest */;
			productType = "com.apple.product-type.bundle.unit-test";
		};
		066D5652233FE2120025DFE4 /* iOS TipCalc AssignmentUITests */ = {
			isa = PBXNativeTarget;
			buildConfigurationList = 066D5662233FE2120025DFE4 /* Build configuration list for PBXNativeTarget "iOS TipCalc AssignmentUITests" */;
			buildPhases = (
				066D564F233FE2120025DFE4 /* Sources */,
				066D5650233FE2120025DFE4 /* Frameworks */,
				066D5651233FE2120025DFE4 /* Resources */,
			);
			buildRules = (
			);
			dependencies = (
				066D5655233FE2120025DFE4 /* PBXTargetDependency */,
			);
			name = "iOS TipCalc AssignmentUITests";
			productName = "iOS TipCalc AssignmentUITests";
			productReference = 066D5653233FE2120025DFE4 /* iOS TipCalc AssignmentUITests.xctest */;
			productType = "com.apple.product-type.bundle.ui-testing";
		};
/* End PBXNativeTarget section */

/* Begin PBXProject section */
		066D562C233FE2110025DFE4 /* Project object */ = {
			isa = PBXProject;
			attributes = {
				LastSwiftUpdateCheck = 1030;
				LastUpgradeCheck = 1030;
				ORGANIZATIONNAME = "Jackson Jayaraj";
				TargetAttributes = {
					066D5633233FE2110025DFE4 = {
						CreatedOnToolsVersion = 10.3;
					};
					066D5647233FE2120025DFE4 = {
						CreatedOnToolsVersion = 10.3;
						TestTargetID = 066D5633233FE2110025DFE4;
					};
					066D5652233FE2120025DFE4 = {
						CreatedOnToolsVersion = 10.3;
						TestTargetID = 066D5633233FE2110025DFE4;
					};
				};
			};
			buildConfigurationList = 066D562F233FE2110025DFE4 /* Build configuration list for PBXProject "iOS TipCalc Assignment" */;
			compatibilityVersion = "Xcode 9.3";
			developmentRegion = en;
			hasScannedForEncodings = 0;
			knownRegions = (
				en,
				Base,
			);
			mainGroup = 066D562B233FE2110025DFE4;
			productRefGroup = 066D5635233FE2110025DFE4 /* Products */;
			projectDirPath = "";
			projectRoot = "";
			targets = (
				066D5633233FE2110025DFE4 /* iOS TipCalc Assignment */,
				066D5647233FE2120025DFE4 /* iOS TipCalc AssignmentTests */,
				066D5652233FE2120025DFE4 /* iOS TipCalc AssignmentUITests */,
			);
		};
/* End PBXProject section */

/* Begin PBXResourcesBuildPhase section */
		066D5632233FE2110025DFE4 /* Resources */ = {
			isa = PBXResourcesBuildPhase;
			buildActionMask = 2147483647;
			files = (
				066D5642233FE2120025DFE4 /* LaunchScreen.storyboard in Resources */,
				066D563F233FE2120025DFE4 /* Assets.xcassets in Resources */,
				066D563D233FE2110025DFE4 /* Main.storyboard in Resources */,
			);
			runOnlyForDeploymentPostprocessing = 0;
		};
		066D5646233FE2120025DFE4 /* Resources */ = {
			isa = PBXResourcesBuildPhase;
			buildActionMask = 2147483647;
			files = (
			);
			runOnlyForDeploymentPostprocessing = 0;
		};
		066D5651233FE2120025DFE4 /* Resources */ = {
			isa = PBXResourcesBuildPhase;
			buildActionMask = 2147483647;
			files = (
			);
			runOnlyForDeploymentPostprocessing = 0;
		};
/* End PBXResourcesBuildPhase section */

/* Begin PBXSourcesBuildPhase section */
		066D5630233FE2110025DFE4 /* Sources */ = {
			isa = PBXSourcesBuildPhase;
			buildActionMask = 2147483647;
			files = (
				066D563A233FE2110025DFE4 /* ViewController.swift in Sources */,
				066D5638233FE2110025DFE4 /* AppDelegate.swift in Sources */,
			);
			runOnlyForDeploymentPostprocessing = 0;
		};
		066D5644233FE2120025DFE4 /* Sources */ = {
			isa = PBXSourcesBuildPhase;
			buildActionMask = 2147483647;
			files = (
				066D564D233FE2120025DFE4 /* iOS_TipCalc_AssignmentTests.swift in Sources */,
			);
			runOnlyForDeploymentPostprocessing = 0;
		};
		066D564F233FE2120025DFE4 /* Sources */ = {
			isa = PBXSourcesBuildPhase;
			buildActionMask = 2147483647;
			files = (
				066D5658233FE2120025DFE4 /* iOS_TipCalc_AssignmentUITests.swift in Sources */,
			);
			runOnlyForDeploymentPostprocessing = 0;
		};
/* End PBXSourcesBuildPhase section */

/* Begin PBXTargetDependency section */
		066D564A233FE2120025DFE4 /* PBXTargetDependency */ = {
			isa = PBXTargetDependency;
			target = 066D5633233FE2110025DFE4 /* iOS TipCalc Assignment */;
			targetProxy = 066D5649233FE2120025DFE4 /* PBXContainerItemProxy */;
		};
		066D5655233FE2120025DFE4 /* PBXTargetDependency */ = {
			isa = PBXTargetDependency;
			target = 066D5633233FE2110025DFE4 /* iOS TipCalc Assignment */;
			targetProxy = 066D5654233FE2120025DFE4 /* PBXContainerItemProxy */;
		};
/* End PBXTargetDependency section */

/* Begin PBXVariantGroup section */
		066D563B233FE2110025DFE4 /* Main.storyboard */ = {
			isa = PBXVariantGroup;
			children = (
				066D563C233FE2110025DFE4 /* Base */,
			);
			name = Main.storyboard;
			sourceTree = "<group>";
		};
		066D5640233FE2120025DFE4 /* LaunchScreen.storyboard */ = {
			isa = PBXVariantGroup;
			children = (
				066D5641233FE2120025DFE4 /* Base */,
			);
			name = LaunchScreen.storyboard;
			sourceTree = "<group>";
		};
/* End PBXVariantGroup section */

/* Begin XCBuildConfiguration section */
		066D565A233FE2120025DFE4 /* Debug */ = {
			isa = XCBuildConfiguration;
			buildSettings = {
				ALWAYS_SEARCH_USER_PATHS = NO;
				CLANG_ANALYZER_NONNULL = YES;
				CLANG_ANALYZER_NUMBER_OBJECT_CONVERSION = YES_AGGRESSIVE;
				CLANG_CXX_LANGUAGE_STANDARD = "gnu++14";
				CLANG_CXX_LIBRARY = "libc++";
				CLANG_ENABLE_MODULES = YES;
				CLANG_ENABLE_OBJC_ARC = YES;
				CLANG_ENABLE_OBJC_WEAK = YES;
				CLANG_WARN_BLOCK_CAPTURE_AUTORELEASING = YES;
				CLANG_WARN_BOOL_CONVERSION = YES;
				CLANG_WARN_COMMA = YES;
				CLANG_WARN_CONSTANT_CONVERSION = YES;
				CLANG_WARN_DEPRECATED_OBJC_IMPLEMENTATIONS = YES;
				CLANG_WARN_DIRECT_OBJC_ISA_USAGE = YES_ERROR;
				CLANG_WARN_DOCUMENTATION_COMMENTS = YES;
				CLANG_WARN_EMPTY_BODY = YES;
				CLANG_WARN_ENUM_CONVERSION = YES;
				CLANG_WARN_INFINITE_RECURSION = YES;
				CLANG_WARN_INT_CONVERSION = YES;
				CLANG_WARN_NON_LITERAL_NULL_CONVERSION = YES;
				CLANG_WARN_OBJC_IMPLICIT_RETAIN_SELF = YES;
				CLANG_WARN_OBJC_LITERAL_CONVERSION = YES;
				CLANG_WARN_OBJC_ROOT_CLASS = YES_ERROR;
				CLANG_WARN_RANGE_LOOP_ANALYSIS = YES;
				CLANG_WARN_STRICT_PROTOTYPES = YES;
				CLANG_WARN_SUSPICIOUS_MOVE = YES;
				CLANG_WARN_UNGUARDED_AVAILABILITY = YES_AGGRESSIVE;
				CLANG_WARN_UNREACHABLE_CODE = YES;
				CLANG_WARN__DUPLICATE_METHOD_MATCH = YES;
				CODE_SIGN_IDENTITY = "iPhone Developer";
				COPY_PHASE_STRIP = NO;
				DEBUG_INFORMATION_FORMAT = dwarf;
				ENABLE_STRICT_OBJC_MSGSEND = YES;
				ENABLE_TESTABILITY = YES;
				GCC_C_LANGUAGE_STANDARD = gnu11;
				GCC_DYNAMIC_NO_PIC = NO;
				GCC_NO_COMMON_BLOCKS = YES;
				GCC_OPTIMIZATION_LEVEL = 0;
				GCC_PREPROCESSOR_DEFINITIONS = (
					"DEBUG=1",
					"$(inherited)",
				);
				GCC_WARN_64_TO_32_BIT_CONVERSION = YES;
				GCC_WARN_ABOUT_RETURN_TYPE = YES_ERROR;
				GCC_WARN_UNDECLARED_SELECTOR = YES;
				GCC_WARN_UNINITIALIZED_AUTOS = YES_AGGRESSIVE;
				GCC_WARN_UNUSED_FUNCTION = YES;
				GCC_WARN_UNUSED_VARIABLE = YES;
				IPHONEOS_DEPLOYMENT_TARGET = 12.4;
				MTL_ENABLE_DEBUG_INFO = INCLUDE_SOURCE;
				MTL_FAST_MATH = YES;
				ONLY_ACTIVE_ARCH = YES;
				SDKROOT = iphoneos;
				SWIFT_ACTIVE_COMPILATION_CONDITIONS = DEBUG;
				SWIFT_OPTIMIZATION_LEVEL = "-Onone";
			};
			name = Debug;
		};
		066D565B233FE2120025DFE4 /* Release */ = {
			isa = XCBuildConfiguration;
			buildSettings = {
				ALWAYS_SEARCH_USER_PATHS = NO;
				CLANG_ANALYZER_NONNULL = YES;
				CLANG_ANALYZER_NUMBER_OBJECT_CONVERSION = YES_AGGRESSIVE;
				CLANG_CXX_LANGUAGE_STANDARD = "gnu++14";
				CLANG_CXX_LIBRARY = "libc++";
				CLANG_ENABLE_MODULES = YES;
				CLANG_ENABLE_OBJC_ARC = YES;
				CLANG_ENABLE_OBJC_WEAK = YES;
				CLANG_WARN_BLOCK_CAPTURE_AUTORELEASING = YES;
				CLANG_WARN_BOOL_CONVERSION = YES;
				CLANG_WARN_COMMA = YES;
				CLANG_WARN_CONSTANT_CONVERSION = YES;
				CLANG_WARN_DEPRECATED_OBJC_IMPLEMENTATIONS = YES;
				CLANG_WARN_DIRECT_OBJC_ISA_USAGE = YES_ERROR;
				CLANG_WARN_DOCUMENTATION_COMMENTS = YES;
				CLANG_WARN_EMPTY_BODY = YES;
				CLANG_WARN_ENUM_CONVERSION = YES;
				CLANG_WARN_INFINITE_RECURSION = YES;
				CLANG_WARN_INT_CONVERSION = YES;
				CLANG_WARN_NON_LITERAL_NULL_CONVERSION = YES;
				CLANG_WARN_OBJC_IMPLICIT_RETAIN_SELF = YES;
				CLANG_WARN_OBJC_LITERAL_CONVERSION = YES;
				CLANG_WARN_OBJC_ROOT_CLASS = YES_ERROR;
				CLANG_WARN_RANGE_LOOP_ANALYSIS = YES;
				CLANG_WARN_STRICT_PROTOTYPES = YES;
				CLANG_WARN_SUSPICIOUS_MOVE = YES;
				CLANG_WARN_UNGUARDED_AVAILABILITY = YES_AGGRESSIVE;
				CLANG_WARN_UNREACHABLE_CODE = YES;
				CLANG_WARN__DUPLICATE_METHOD_MATCH = YES;
				CODE_SIGN_IDENTITY = "iPhone Developer";
				COPY_PHASE_STRIP = NO;
				DEBUG_INFORMATION_FORMAT = "dwarf-with-dsym";
				ENABLE_NS_ASSERTIONS = NO;
				ENABLE_STRICT_OBJC_MSGSEND = YES;
				GCC_C_LANGUAGE_STANDARD = gnu11;
				GCC_NO_COMMON_BLOCKS = YES;
				GCC_WARN_64_TO_32_BIT_CONVERSION = YES;
				GCC_WARN_ABOUT_RETURN_TYPE = YES_ERROR;
				GCC_WARN_UNDECLARED_SELECTOR = YES;
				GCC_WARN_UNINITIALIZED_AUTOS = YES_AGGRESSIVE;
				GCC_WARN_UNUSED_FUNCTION = YES;
				GCC_WARN_UNUSED_VARIABLE = YES;
				IPHONEOS_DEPLOYMENT_TARGET = 12.4;
				MTL_ENABLE_DEBUG_INFO = NO;
				MTL_FAST_MATH = YES;
				SDKROOT = iphoneos;
				SWIFT_COMPILATION_MODE = wholemodule;
				SWIFT_OPTIMIZATION_LEVEL = "-O";
				VALIDATE_PRODUCT = YES;
			};
			name = Release;
		};
		066D565D233FE2120025DFE4 /* Debug */ = {
			isa = XCBuildConfiguration;
			buildSettings = {
				ASSETCATALOG_COMPILER_APPICON_NAME = AppIcon;
				CODE_SIGN_STYLE = Automatic;
				INFOPLIST_FILE = "iOS TipCalc Assignment/Info.plist";
				LD_RUNPATH_SEARCH_PATHS = (
					"$(inherited)",
					"@executable_path/Frameworks",
				);
				PRODUCT_BUNDLE_IDENTIFIER = "me.jackson.iOS-TipCalc-Assignment";
				PRODUCT_NAME = "$(TARGET_NAME)";
				SWIFT_VERSION = 5.0;
				TARGETED_DEVICE_FAMILY = "1,2";
			};
			name = Debug;
		};
		066D565E233FE2120025DFE4 /* Release */ = {
			isa = XCBuildConfiguration;
			buildSettings = {
				ASSETCATALOG_COMPILER_APPICON_NAME = AppIcon;
				CODE_SIGN_STYLE = Automatic;
				INFOPLIST_FILE = "iOS TipCalc Assignment/Info.plist";
				LD_RUNPATH_SEARCH_PATHS = (
					"$(inherited)",
					"@executable_path/Frameworks",
				);
				PRODUCT_BUNDLE_IDENTIFIER = "me.jackson.iOS-TipCalc-Assignment";
				PRODUCT_NAME = "$(TARGET_NAME)";
				SWIFT_VERSION = 5.0;
				TARGETED_DEVICE_FAMILY = "1,2";
			};
			name = Release;
		};
		066D5660233FE2120025DFE4 /* Debug */ = {
			isa = XCBuildConfiguration;
			buildSettings = {
				ALWAYS_EMBED_SWIFT_STANDARD_LIBRARIES = YES;
				BUNDLE_LOADER = "$(TEST_HOST)";
				CODE_SIGN_STYLE = Automatic;
				INFOPLIST_FILE = "iOS TipCalc AssignmentTests/Info.plist";
				LD_RUNPATH_SEARCH_PATHS = (
					"$(inherited)",
					"@executable_path/Frameworks",
					"@loader_path/Frameworks",
				);
				PRODUCT_BUNDLE_IDENTIFIER = "me.jackson.iOS-TipCalc-AssignmentTests";
				PRODUCT_NAME = "$(TARGET_NAME)";
				SWIFT_VERSION = 5.0;
				TARGETED_DEVICE_FAMILY = "1,2";
				TEST_HOST = "$(BUILT_PRODUCTS_DIR)/iOS TipCalc Assignment.app/iOS TipCalc Assignment";
			};
			name = Debug;
		};
		066D5661233FE2120025DFE4 /* Release */ = {
			isa = XCBuildConfiguration;
			buildSettings = {
				ALWAYS_EMBED_SWIFT_STANDARD_LIBRARIES = YES;
				BUNDLE_LOADER = "$(TEST_HOST)";
				CODE_SIGN_STYLE = Automatic;
				INFOPLIST_FILE = "iOS TipCalc AssignmentTests/Info.plist";
				LD_RUNPATH_SEARCH_PATHS = (
					"$(inherited)",
					"@executable_path/Frameworks",
					"@loader_path/Frameworks",
				);
				PRODUCT_BUNDLE_IDENTIFIER = "me.jackson.iOS-TipCalc-AssignmentTests";
				PRODUCT_NAME = "$(TARGET_NAME)";
				SWIFT_VERSION = 5.0;
				TARGETED_DEVICE_FAMILY = "1,2";
				TEST_HOST = "$(BUILT_PRODUCTS_DIR)/iOS TipCalc Assignment.app/iOS TipCalc Assignment";
			};
			name = Release;
		};
		066D5663233FE2120025DFE4 /* Debug */ = {
			isa = XCBuildConfiguration;
			buildSettings = {
				ALWAYS_EMBED_SWIFT_STANDARD_LIBRARIES = YES;
				CODE_SIGN_STYLE = Automatic;
				INFOPLIST_FILE = "iOS TipCalc AssignmentUITests/Info.plist";
				LD_RUNPATH_SEARCH_PATHS = (
					"$(inherited)",
					"@executable_path/Frameworks",
					"@loader_path/Frameworks",
				);
				PRODUCT_BUNDLE_IDENTIFIER = "me.jackson.iOS-TipCalc-AssignmentUITests";
				PRODUCT_NAME = "$(TARGET_NAME)";
				SWIFT_VERSION = 5.0;
				TARGETED_DEVICE_FAMILY = "1,2";
				TEST_TARGET_NAME = "iOS TipCalc Assignment";
			};
			name = Debug;
		};
		066D5664233FE2120025DFE4 /* Release */ = {
			isa = XCBuildConfiguration;
			buildSettings = {
				ALWAYS_EMBED_SWIFT_STANDARD_LIBRARIES = YES;
				CODE_SIGN_STYLE = Automatic;
				INFOPLIST_FILE = "iOS TipCalc AssignmentUITests/Info.plist";
				LD_RUNPATH_SEARCH_PATHS = (
					"$(inherited)",
					"@executable_path/Frameworks",
					"@loader_path/Frameworks",
				);
				PRODUCT_BUNDLE_IDENTIFIER = "me.jackson.iOS-TipCalc-AssignmentUITests";
				PRODUCT_NAME = "$(TARGET_NAME)";
				SWIFT_VERSION = 5.0;
				TARGETED_DEVICE_FAMILY = "1,2";
				TEST_TARGET_NAME = "iOS TipCalc Assignment";
			};
			name = Release;
		};
/* End XCBuildConfiguration section */

/* Begin XCConfigurationList section */
		066D562F233FE2110025DFE4 /* Build configuration list for PBXProject "iOS TipCalc Assignment" */ = {
			isa = XCConfigurationList;
			buildConfigurations = (
				066D565A233FE2120025DFE4 /* Debug */,
				066D565B233FE2120025DFE4 /* Release */,
			);
			defaultConfigurationIsVisible = 0;
			defaultConfigurationName = Release;
		};
		066D565C233FE2120025DFE4 /* Build configuration list for PBXNativeTarget "iOS TipCalc Assignment" */ = {
			isa = XCConfigurationList;
			buildConfigurations = (
				066D565D233FE2120025DFE4 /* Debug */,
				066D565E233FE2120025DFE4 /* Release */,
			);
			defaultConfigurationIsVisible = 0;
			defaultConfigurationName = Release;
		};
		066D565F233FE2120025DFE4 /* Build configuration list for PBXNativeTarget "iOS TipCalc AssignmentTests" */ = {
			isa = XCConfigurationList;
			buildConfigurations = (
				066D5660233FE2120025DFE4 /* Debug */,
				066D5661233FE2120025DFE4 /* Release */,
			);
			defaultConfigurationIsVisible = 0;
			defaultConfigurationName = Release;
		};
		066D5662233FE2120025DFE4 /* Build configuration list for PBXNativeTarget "iOS TipCalc AssignmentUITests" */ = {
			isa = XCConfigurationList;
			buildConfigurations = (
				066D5663233FE2120025DFE4 /* Debug */,
				066D5664233FE2120025DFE4 /* Release */,
			);
			defaultConfigurationIsVisible = 0;
			defaultConfigurationName = Release;
		};
/* End XCConfigurationList section */
	};
	rootObject = 066D562C233FE2110025DFE4 /* Project object */;
}
